github.com/amupxm/xmus-logger v0.0.0-20210810112756-e8681f80d0c7 h1:+sn6pECOxjY/BUrKN0CL/UzUPmSd/DkTpwwgmV3gWgg=
github.com/amupxm/xmus-logger v0.0.0-20210810112756-e8681f80d0c7/go.mod h1:FwgBoF8sqCyAJUCNAeXV2MBI98w+Jkjn93c45g6j8ZA=
github.com/reiver/go-simplehttp v1.0.0 h1:VXipQOSwiRC83f5vwo1F84vDNorTzC3mPANiP+w3+jM=
github.com/reiver/go-simplehttp v1.0.0/go.mod h1:iMS6LBH2hlfBZhzFPZK7IiFQbZE8HfxgK8F9QJGBC9o=
