github.com/amupxm/xmus-logger v0.0.0-20210807065015-c9ea1c6b98d4 h1:uVS+1eje5ubS8sU2ovxZmlcbbhTXXoPuqLdQ+nXooa0=
github.com/amupxm/xmus-logger v0.0.0-20210807065015-c9ea1c6b98d4/go.mod h1:FwgBoF8sqCyAJUCNAeXV2MBI98w+Jkjn93c45g6j8ZA=
github.com/amupxm/xmus-logger v0.0.0-20210809175243-b2862ebd67e5 h1:BgEMoAa+EVrdO91VblcWTzk5vw4SbcBsoGi7pG5p9cU=
github.com/amupxm/xmus-logger v0.0.0-20210809175243-b2862ebd67e5/go.mod h1:FwgBoF8sqCyAJUCNAeXV2MBI98w+Jkjn93c45g6j8ZA=
