github.com/amupxm/xmus-logger v0.0.0-20210810112756-e8681f80d0c7 h1:+sn6pECOxjY/BUrKN0CL/UzUPmSd/DkTpwwgmV3gWgg=
github.com/amupxm/xmus-logger v0.0.0-20210810112756-e8681f80d0c7/go.mod h1:FwgBoF8sqCyAJUCNAeXV2MBI98w+Jkjn93c45g6j8ZA=
github.com/lib/pq v1.10.2 h1:AqzbZs4ZoCBp+GtejcpCpcxM3zlSMx29dXbUSeVtJb8=
github.com/lib/pq v1.10.2/go.mod h1:AlVN5x4E4T544tWzH6hKfbfQvm3HdbOxrmggDNAPY9o=
